PODS:
  - Flutter (1.0.0)
  - flutter_wifi_scan (0.0.1):
    - Flutter

DEPENDENCIES:
  - Flutter (from `Flutter`)
  - flutter_wifi_scan (from `.symlinks/plugins/flutter_wifi_scan/ios`)

EXTERNAL SOURCES:
  Flutter:
    :path: Flutter
  flutter_wifi_scan:
    :path: ".symlinks/plugins/flutter_wifi_scan/ios"

SPEC CHECKSUMS:
  Flutter: e0871f40cf51350855a761d2e70bf5af5b9b5de7
  flutter_wifi_scan: 3993b70438cffe436aaaa00747fce94b1bb2a764

PODFILE CHECKSUM: c4c93c5f6502fe2754f48404d3594bf779584011

COCOAPODS: 1.16.2
